
Microsoft Visual Studio Solution File, Format Version 12.00
# Visual Studio Version 17
VisualStudioVersion = 17.14.36203.30 d17.14
MinimumVisualStudioVersion = 10.0.40219.1
Project("{FAE04EC0-301F-11D3-BF4B-00C04F79EFBC}") = "BibliotecaWeb", "BibliotecaWeb.csproj", "{94E0C7B8-DF96-4525-ABBA-BDD712778318}"
EndProject
Global
	GlobalSection(SolutionConfigurationPlatforms) = preSolution
		Debug|Any CPU = Debug|Any CPU
		Release|Any CPU = Release|Any CPU
	EndGlobalSection
	GlobalSection(ProjectConfigurationPlatforms) = postSolution
		{94E0C7B8-DF96-4525-ABBA-BDD712778318}.Debug|Any CPU.ActiveCfg = Debug|Any CPU
		{94E0C7B8-DF96-4525-ABBA-BDD712778318}.Debug|Any CPU.Build.0 = Debug|Any CPU
		{94E0C7B8-DF96-4525-ABBA-BDD712778318}.Release|Any CPU.ActiveCfg = Release|Any CPU
		{94E0C7B8-DF96-4525-ABBA-BDD712778318}.Release|Any CPU.Build.0 = Release|Any CPU
	EndGlobalSection
	GlobalSection(SolutionProperties) = preSolution
		HideSolutionNode = FALSE
	EndGlobalSection
	GlobalSection(ExtensibilityGlobals) = postSolution
		SolutionGuid = {5F5DAE92-EC4D-4A47-B88B-6FC3A9129B41}
	EndGlobalSection
EndGlobal
